
Microsoft Visual Studio Solution File, Format Version 12.00
# Visual Studio 2012
Project("{FAE04EC0-301F-11D3-BF4B-00C04F79EFBC}") = "HRS", "HRS\HRS.csproj", "{34E2A1DA-036F-4795-8E27-032BBD86A3C7}"
EndProject
Project("{FAE04EC0-301F-11D3-BF4B-00C04F79EFBC}") = "KSHisInvoke", "KSHisInvoke\KSHisInvoke.csproj", "{9F32DA36-D7BA-4CEC-8A79-B625EAEA042F}"
EndProject
Project("{FAE04EC0-301F-11D3-BF4B-00C04F79EFBC}") = "WXHisInvoke", "WXHisInvoke\WXHisInvoke.csproj", "{2D7D48BB-1A85-446B-88CB-FB25B1A285F8}"
EndProject
Global
	GlobalSection(SolutionConfigurationPlatforms) = preSolution
		Debug|Any CPU = Debug|Any CPU
		Release|Any CPU = Release|Any CPU
	EndGlobalSection
	GlobalSection(ProjectConfigurationPlatforms) = postSolution
		{34E2A1DA-036F-4795-8E27-032BBD86A3C7}.Debug|Any CPU.ActiveCfg = Debug|Any CPU
		{34E2A1DA-036F-4795-8E27-032BBD86A3C7}.Debug|Any CPU.Build.0 = Debug|Any CPU
		{34E2A1DA-036F-4795-8E27-032BBD86A3C7}.Release|Any CPU.ActiveCfg = Release|Any CPU
		{34E2A1DA-036F-4795-8E27-032BBD86A3C7}.Release|Any CPU.Build.0 = Release|Any CPU
		{9F32DA36-D7BA-4CEC-8A79-B625EAEA042F}.Debug|Any CPU.ActiveCfg = Debug|Any CPU
		{9F32DA36-D7BA-4CEC-8A79-B625EAEA042F}.Debug|Any CPU.Build.0 = Debug|Any CPU
		{9F32DA36-D7BA-4CEC-8A79-B625EAEA042F}.Release|Any CPU.ActiveCfg = Release|Any CPU
		{9F32DA36-D7BA-4CEC-8A79-B625EAEA042F}.Release|Any CPU.Build.0 = Release|Any CPU
		{2D7D48BB-1A85-446B-88CB-FB25B1A285F8}.Debug|Any CPU.ActiveCfg = Debug|Any CPU
		{2D7D48BB-1A85-446B-88CB-FB25B1A285F8}.Debug|Any CPU.Build.0 = Debug|Any CPU
		{2D7D48BB-1A85-446B-88CB-FB25B1A285F8}.Release|Any CPU.ActiveCfg = Release|Any CPU
		{2D7D48BB-1A85-446B-88CB-FB25B1A285F8}.Release|Any CPU.Build.0 = Release|Any CPU
	EndGlobalSection
	GlobalSection(SolutionProperties) = preSolution
		HideSolutionNode = FALSE
	EndGlobalSection
EndGlobal
